
Microsoft Visual Studio Solution File, Format Version 12.00
# Visual Studio 15
VisualStudioVersion = 15.0.27703.2042
MinimumVisualStudioVersion = 10.0.40219.1
Project("{FAE04EC0-301F-11D3-BF4B-00C04F79EFBC}") = "KibiiConfigurationInMemoryJson", "KibiiConfigurationInMemoryJson\KibiiConfigurationInMemoryJson.csproj", "{0DF1B405-1695-46DF-92E6-019BE6F932BD}"
EndProject
Global
	GlobalSection(SolutionConfigurationPlatforms) = preSolution
		Debug|Any CPU = Debug|Any CPU
		Release|Any CPU = Release|Any CPU
	EndGlobalSection
	GlobalSection(ProjectConfigurationPlatforms) = postSolution
		{0DF1B405-1695-46DF-92E6-019BE6F932BD}.Debug|Any CPU.ActiveCfg = Debug|Any CPU
		{0DF1B405-1695-46DF-92E6-019BE6F932BD}.Debug|Any CPU.Build.0 = Debug|Any CPU
		{0DF1B405-1695-46DF-92E6-019BE6F932BD}.Release|Any CPU.ActiveCfg = Release|Any CPU
		{0DF1B405-1695-46DF-92E6-019BE6F932BD}.Release|Any CPU.Build.0 = Release|Any CPU
	EndGlobalSection
	GlobalSection(SolutionProperties) = preSolution
		HideSolutionNode = FALSE
	EndGlobalSection
	GlobalSection(ExtensibilityGlobals) = postSolution
		SolutionGuid = {7C2D5FF2-54FE-4FBC-89AD-7270F1CD5121}
	EndGlobalSection
EndGlobal
